
Microsoft Visual Studio Solution File, Format Version 12.00
# Visual Studio 15
VisualStudioVersion = 15.0.27130.2036
MinimumVisualStudioVersion = 10.0.40219.1
Project("{E24C65DC-7377-472B-9ABA-BC803B73C61A}") = "Controller-Website", "Controller-Website\", "{2AA9E37F-F7B1-4B62-8A6D-22D13B5AB77E}"
	ProjectSection(WebsiteProperties) = preProject
		TargetFrameworkMoniker = ".NETFramework,Version%3Dv4.5"
		Debug.AspNetCompiler.VirtualPath = "/localhost_6514"
		Debug.AspNetCompiler.PhysicalPath = "Controller-Website\"
		Debug.AspNetCompiler.TargetPath = "PrecompiledWeb\localhost_6514\"
		Debug.AspNetCompiler.Updateable = "true"
		Debug.AspNetCompiler.ForceOverwrite = "true"
		Debug.AspNetCompiler.FixedNames = "false"
		Debug.AspNetCompiler.Debug = "True"
		Release.AspNetCompiler.VirtualPath = "/localhost_6514"
		Release.AspNetCompiler.PhysicalPath = "Controller-Website\"
		Release.AspNetCompiler.TargetPath = "PrecompiledWeb\localhost_6514\"
		Release.AspNetCompiler.Updateable = "true"
		Release.AspNetCompiler.ForceOverwrite = "true"
		Release.AspNetCompiler.FixedNames = "false"
		Release.AspNetCompiler.Debug = "False"
		VWDPort = "6514"
		SlnRelativePath = "Controller-Website\"
		DefaultWebSiteLanguage = "Visual Basic"
	EndProjectSection
EndProject
Global
	GlobalSection(SolutionConfigurationPlatforms) = preSolution
		Debug|Any CPU = Debug|Any CPU
	EndGlobalSection
	GlobalSection(ProjectConfigurationPlatforms) = postSolution
		{2AA9E37F-F7B1-4B62-8A6D-22D13B5AB77E}.Debug|Any CPU.ActiveCfg = Debug|Any CPU
		{2AA9E37F-F7B1-4B62-8A6D-22D13B5AB77E}.Debug|Any CPU.Build.0 = Debug|Any CPU
	EndGlobalSection
	GlobalSection(SolutionProperties) = preSolution
		HideSolutionNode = FALSE
	EndGlobalSection
	GlobalSection(ExtensibilityGlobals) = postSolution
		SolutionGuid = {380686E7-AAD4-48BA-B2FD-6757F629F3D6}
	EndGlobalSection
EndGlobal
